// !$*UTF8*$!
{
	archiveVersion = 1;
	classes = {
	};
	objectVersion = 56;
	objects = {

/* Begin PBXBuildFile section */
		717028392AB8C8840016A179 /* lecture_demoApp.swift in Sources */ = {isa = PBXBuildFile; fileRef = 717028382AB8C8840016A179 /* lecture_demoApp.swift */; };
		7170283B2AB8C8840016A179 /* ContentView.swift in Sources */ = {isa = PBXBuildFile; fileRef = 7170283A2AB8C8840016A179 /* ContentView.swift */; };
		7170283D2AB8C8860016A179 /* Assets.xcassets in Resources */ = {isa = PBXBuildFile; fileRef = 7170283C2AB8C8860016A179 /* Assets.xcassets */; };
		717028412AB8C8860016A179 /* Preview Assets.xcassets in Resources */ = {isa = PBXBuildFile; fileRef = 717028402AB8C8860016A179 /* Preview Assets.xcassets */; };
		7170284B2AB8C8860016A179 /* lecture_demoTests.swift in Sources */ = {isa = PBXBuildFile; fileRef = 7170284A2AB8C8860016A179 /* lecture_demoTests.swift */; };
		717028552AB8C8860016A179 /* lecture_demoUITests.swift in Sources */ = {isa = PBXBuildFile; fileRef = 717028542AB8C8860016A179 /* lecture_demoUITests.swift */; };
		717028572AB8C8860016A179 /* lecture_demoUITestsLaunchTests.swift in Sources */ = {isa = PBXBuildFile; fileRef = 717028562AB8C8860016A179 /* lecture_demoUITestsLaunchTests.swift */; };
/* End PBXBuildFile section */

/* Begin PBXContainerItemProxy section */
		717028472AB8C8860016A179 /* PBXContainerItemProxy */ = {
			isa = PBXContainerItemProxy;
			containerPortal = 7170282D2AB8C8840016A179 /* Project object */;
			proxyType = 1;
			remoteGlobalIDString = 717028342AB8C8840016A179;
			remoteInfo = "lecture demo";
		};
		717028512AB8C8860016A179 /* PBXContainerItemProxy */ = {
			isa = PBXContainerItemProxy;
			containerPortal = 7170282D2AB8C8840016A179 /* Project object */;
			proxyType = 1;
			remoteGlobalIDString = 717028342AB8C8840016A179;
			remoteInfo = "lecture demo";
		};
/* End PBXContainerItemProxy section */

/* Begin PBXFileReference section */
		717028352AB8C8840016A179 /* lecture demo.app */ = {isa = PBXFileReference; explicitFileType = wrapper.application; includeInIndex = 0; path = "lecture demo.app"; sourceTree = BUILT_PRODUCTS_DIR; };
		717028382AB8C8840016A179 /* lecture_demoApp.swift */ = {isa = PBXFileReference; lastKnownFileType = sourcecode.swift; path = lecture_demoApp.swift; sourceTree = "<group>"; };
		7170283A2AB8C8840016A179 /* ContentView.swift */ = {isa = PBXFileReference; lastKnownFileType = sourcecode.swift; path = ContentView.swift; sourceTree = "<group>"; };
		7170283C2AB8C8860016A179 /* Assets.xcassets */ = {isa = PBXFileReference; lastKnownFileType = folder.assetcatalog; path = Assets.xcassets; sourceTree = "<group>"; };
		7170283E2AB8C8860016A179 /* lecture_demo.entitlements */ = {isa = PBXFileReference; lastKnownFileType = text.plist.entitlements; path = lecture_demo.entitlements; sourceTree = "<group>"; };
		717028402AB8C8860016A179 /* Preview Assets.xcassets */ = {isa = PBXFileReference; lastKnownFileType = folder.assetcatalog; path = "Preview Assets.xcassets"; sourceTree = "<group>"; };
		717028462AB8C8860016A179 /* lecture demoTests.xctest */ = {isa = PBXFileReference; explicitFileType = wrapper.cfbundle; includeInIndex = 0; path = "lecture demoTests.xctest"; sourceTree = BUILT_PRODUCTS_DIR; };
		7170284A2AB8C8860016A179 /* lecture_demoTests.swift */ = {isa = PBXFileReference; lastKnownFileType = sourcecode.swift; path = lecture_demoTests.swift; sourceTree = "<group>"; };
		717028502AB8C8860016A179 /* lecture demoUITests.xctest */ = {isa = PBXFileReference; explicitFileType = wrapper.cfbundle; includeInIndex = 0; path = "lecture demoUITests.xctest"; sourceTree = BUILT_PRODUCTS_DIR; };
		717028542AB8C8860016A179 /* lecture_demoUITests.swift */ = {isa = PBXFileReference; lastKnownFileType = sourcecode.swift; path = lecture_demoUITests.swift; sourceTree = "<group>"; };
		717028562AB8C8860016A179 /* lecture_demoUITestsLaunchTests.swift */ = {isa = PBXFileReference; lastKnownFileType = sourcecode.swift; path = lecture_demoUITestsLaunchTests.swift; sourceTree = "<group>"; };
/* End PBXFileReference section */

/* Begin PBXFrameworksBuildPhase section */
		717028322AB8C8840016A179 /* Frameworks */ = {
			isa = PBXFrameworksBuildPhase;
			buildActionMask = 2147483647;
			files = (
			);
			runOnlyForDeploymentPostprocessing = 0;
		};
		717028432AB8C8860016A179 /* Frameworks */ = {
			isa = PBXFrameworksBuildPhase;
			buildActionMask = 2147483647;
			files = (
			);
			runOnlyForDeploymentPostprocessing = 0;
		};
		7170284D2AB8C8860016A179 /* Frameworks */ = {
			isa = PBXFrameworksBuildPhase;
			buildActionMask = 2147483647;
			files = (
			);
			runOnlyForDeploymentPostprocessing = 0;
		};
/* End PBXFrameworksBuildPhase section */

/* Begin PBXGroup section */
		7170282C2AB8C8840016A179 = {
			isa = PBXGroup;
			children = (
				717028372AB8C8840016A179 /* lecture demo */,
				717028492AB8C8860016A179 /* lecture demoTests */,
				717028532AB8C8860016A179 /* lecture demoUITests */,
				717028362AB8C8840016A179 /* Products */,
			);
			sourceTree = "<group>";
		};
		717028362AB8C8840016A179 /* Products */ = {
			isa = PBXGroup;
			children = (
				717028352AB8C8840016A179 /* lecture demo.app */,
				717028462AB8C8860016A179 /* lecture demoTests.xctest */,
				717028502AB8C8860016A179 /* lecture demoUITests.xctest */,
			);
			name = Products;
			sourceTree = "<group>";
		};
		717028372AB8C8840016A179 /* lecture demo */ = {
			isa = PBXGroup;
			children = (
				717028382AB8C8840016A179 /* lecture_demoApp.swift */,
				7170283A2AB8C8840016A179 /* ContentView.swift */,
				7170283C2AB8C8860016A179 /* Assets.xcassets */,
				7170283E2AB8C8860016A179 /* lecture_demo.entitlements */,
				7170283F2AB8C8860016A179 /* Preview Content */,
			);
			path = "lecture demo";
			sourceTree = "<group>";
		};
		7170283F2AB8C8860016A179 /* Preview Content */ = {
			isa = PBXGroup;
			children = (
				717028402AB8C8860016A179 /* Preview Assets.xcassets */,
			);
			path = "Preview Content";
			sourceTree = "<group>";
		};
		717028492AB8C8860016A179 /* lecture demoTests */ = {
			isa = PBXGroup;
			children = (
				7170284A2AB8C8860016A179 /* lecture_demoTests.swift */,
			);
			path = "lecture demoTests";
			sourceTree = "<group>";
		};
		717028532AB8C8860016A179 /* lecture demoUITests */ = {
			isa = PBXGroup;
			children = (
				717028542AB8C8860016A179 /* lecture_demoUITests.swift */,
				717028562AB8C8860016A179 /* lecture_demoUITestsLaunchTests.swift */,
			);
			path = "lecture demoUITests";
			sourceTree = "<group>";
		};
/* End PBXGroup section */

/* Begin PBXNativeTarget section */
		717028342AB8C8840016A179 /* lecture demo */ = {
			isa = PBXNativeTarget;
			buildConfigurationList = 7170285A2AB8C8860016A179 /* Build configuration list for PBXNativeTarget "lecture demo" */;
			buildPhases = (
				717028312AB8C8840016A179 /* Sources */,
				717028322AB8C8840016A179 /* Frameworks */,
				717028332AB8C8840016A179 /* Resources */,
			);
			buildRules = (
			);
			dependencies = (
			);
			name = "lecture demo";
			productName = "lecture demo";
			productReference = 717028352AB8C8840016A179 /* lecture demo.app */;
			productType = "com.apple.product-type.application";
		};
		717028452AB8C8860016A179 /* lecture demoTests */ = {
			isa = PBXNativeTarget;
			buildConfigurationList = 7170285D2AB8C8860016A179 /* Build configuration list for PBXNativeTarget "lecture demoTests" */;
			buildPhases = (
				717028422AB8C8860016A179 /* Sources */,
				717028432AB8C8860016A179 /* Frameworks */,
				717028442AB8C8860016A179 /* Resources */,
			);
			buildRules = (
			);
			dependencies = (
				717028482AB8C8860016A179 /* PBXTargetDependency */,
			);
			name = "lecture demoTests";
			productName = "lecture demoTests";
			productReference = 717028462AB8C8860016A179 /* lecture demoTests.xctest */;
			productType = "com.apple.product-type.bundle.unit-test";
		};
		7170284F2AB8C8860016A179 /* lecture demoUITests */ = {
			isa = PBXNativeTarget;
			buildConfigurationList = 717028602AB8C8860016A179 /* Build configuration list for PBXNativeTarget "lecture demoUITests" */;
			buildPhases = (
				7170284C2AB8C8860016A179 /* Sources */,
				7170284D2AB8C8860016A179 /* Frameworks */,
				7170284E2AB8C8860016A179 /* Resources */,
			);
			buildRules = (
			);
			dependencies = (
				717028522AB8C8860016A179 /* PBXTargetDependency */,
			);
			name = "lecture demoUITests";
			productName = "lecture demoUITests";
			productReference = 717028502AB8C8860016A179 /* lecture demoUITests.xctest */;
			productType = "com.apple.product-type.bundle.ui-testing";
		};
/* End PBXNativeTarget section */

/* Begin PBXProject section */
		7170282D2AB8C8840016A179 /* Project object */ = {
			isa = PBXProject;
			attributes = {
				BuildIndependentTargetsInParallel = 1;
				LastSwiftUpdateCheck = 1430;
				LastUpgradeCheck = 1430;
				TargetAttributes = {
					717028342AB8C8840016A179 = {
						CreatedOnToolsVersion = 14.3.1;
					};
					717028452AB8C8860016A179 = {
						CreatedOnToolsVersion = 14.3.1;
						TestTargetID = 717028342AB8C8840016A179;
					};
					7170284F2AB8C8860016A179 = {
						CreatedOnToolsVersion = 14.3.1;
						TestTargetID = 717028342AB8C8840016A179;
					};
				};
			};
			buildConfigurationList = 717028302AB8C8840016A179 /* Build configuration list for PBXProject "lecture demo" */;
			compatibilityVersion = "Xcode 14.0";
			developmentRegion = en;
			hasScannedForEncodings = 0;
			knownRegions = (
				en,
				Base,
			);
			mainGroup = 7170282C2AB8C8840016A179;
			productRefGroup = 717028362AB8C8840016A179 /* Products */;
			projectDirPath = "";
			projectRoot = "";
			targets = (
				717028342AB8C8840016A179 /* lecture demo */,
				717028452AB8C8860016A179 /* lecture demoTests */,
				7170284F2AB8C8860016A179 /* lecture demoUITests */,
			);
		};
/* End PBXProject section */

/* Begin PBXResourcesBuildPhase section */
		717028332AB8C8840016A179 /* Resources */ = {
			isa = PBXResourcesBuildPhase;
			buildActionMask = 2147483647;
			files = (
				717028412AB8C8860016A179 /* Preview Assets.xcassets in Resources */,
				7170283D2AB8C8860016A179 /* Assets.xcassets in Resources */,
			);
			runOnlyForDeploymentPostprocessing = 0;
		};
		717028442AB8C8860016A179 /* Resources */ = {
			isa = PBXResourcesBuildPhase;
			buildActionMask = 2147483647;
			files = (
			);
			runOnlyForDeploymentPostprocessing = 0;
		};
		7170284E2AB8C8860016A179 /* Resources */ = {
			isa = PBXResourcesBuildPhase;
			buildActionMask = 2147483647;
			files = (
			);
			runOnlyForDeploymentPostprocessing = 0;
		};
/* End PBXResourcesBuildPhase section */

/* Begin PBXSourcesBuildPhase section */
		717028312AB8C8840016A179 /* Sources */ = {
			isa = PBXSourcesBuildPhase;
			buildActionMask = 2147483647;
			files = (
				7170283B2AB8C8840016A179 /* ContentView.swift in Sources */,
				717028392AB8C8840016A179 /* lecture_demoApp.swift in Sources */,
			);
			runOnlyForDeploymentPostprocessing = 0;
		};
		717028422AB8C8860016A179 /* Sources */ = {
			isa = PBXSourcesBuildPhase;
			buildActionMask = 2147483647;
			files = (
				7170284B2AB8C8860016A179 /* lecture_demoTests.swift in Sources */,
			);
			runOnlyForDeploymentPostprocessing = 0;
		};
		7170284C2AB8C8860016A179 /* Sources */ = {
			isa = PBXSourcesBuildPhase;
			buildActionMask = 2147483647;
			files = (
				717028572AB8C8860016A179 /* lecture_demoUITestsLaunchTests.swift in Sources */,
				717028552AB8C8860016A179 /* lecture_demoUITests.swift in Sources */,
			);
			runOnlyForDeploymentPostprocessing = 0;
		};
/* End PBXSourcesBuildPhase section */

/* Begin PBXTargetDependency section */
		717028482AB8C8860016A179 /* PBXTargetDependency */ = {
			isa = PBXTargetDependency;
			target = 717028342AB8C8840016A179 /* lecture demo */;
			targetProxy = 717028472AB8C8860016A179 /* PBXContainerItemProxy */;
		};
		717028522AB8C8860016A179 /* PBXTargetDependency */ = {
			isa = PBXTargetDependency;
			target = 717028342AB8C8840016A179 /* lecture demo */;
			targetProxy = 717028512AB8C8860016A179 /* PBXContainerItemProxy */;
		};
/* End PBXTargetDependency section */

/* Begin XCBuildConfiguration section */
		717028582AB8C8860016A179 /* Debug */ = {
			isa = XCBuildConfiguration;
			buildSettings = {
				ALWAYS_SEARCH_USER_PATHS = NO;
				CLANG_ANALYZER_NONNULL = YES;
				CLANG_ANALYZER_NUMBER_OBJECT_CONVERSION = YES_AGGRESSIVE;
				CLANG_CXX_LANGUAGE_STANDARD = "gnu++20";
				CLANG_ENABLE_MODULES = YES;
				CLANG_ENABLE_OBJC_ARC = YES;
				CLANG_ENABLE_OBJC_WEAK = YES;
				CLANG_WARN_BLOCK_CAPTURE_AUTORELEASING = YES;
				CLANG_WARN_BOOL_CONVERSION = YES;
				CLANG_WARN_COMMA = YES;
				CLANG_WARN_CONSTANT_CONVERSION = YES;
				CLANG_WARN_DEPRECATED_OBJC_IMPLEMENTATIONS = YES;
				CLANG_WARN_DIRECT_OBJC_ISA_USAGE = YES_ERROR;
				CLANG_WARN_DOCUMENTATION_COMMENTS = YES;
				CLANG_WARN_EMPTY_BODY = YES;
				CLANG_WARN_ENUM_CONVERSION = YES;
				CLANG_WARN_INFINITE_RECURSION = YES;
				CLANG_WARN_INT_CONVERSION = YES;
				CLANG_WARN_NON_LITERAL_NULL_CONVERSION = YES;
				CLANG_WARN_OBJC_IMPLICIT_RETAIN_SELF = YES;
				CLANG_WARN_OBJC_LITERAL_CONVERSION = YES;
				CLANG_WARN_OBJC_ROOT_CLASS = YES_ERROR;
				CLANG_WARN_QUOTED_INCLUDE_IN_FRAMEWORK_HEADER = YES;
				CLANG_WARN_RANGE_LOOP_ANALYSIS = YES;
				CLANG_WARN_STRICT_PROTOTYPES = YES;
				CLANG_WARN_SUSPICIOUS_MOVE = YES;
				CLANG_WARN_UNGUARDED_AVAILABILITY = YES_AGGRESSIVE;
				CLANG_WARN_UNREACHABLE_CODE = YES;
				CLANG_WARN__DUPLICATE_METHOD_MATCH = YES;
				COPY_PHASE_STRIP = NO;
				DEBUG_INFORMATION_FORMAT = dwarf;
				ENABLE_STRICT_OBJC_MSGSEND = YES;
				ENABLE_TESTABILITY = YES;
				GCC_C_LANGUAGE_STANDARD = gnu11;
				GCC_DYNAMIC_NO_PIC = NO;
				GCC_NO_COMMON_BLOCKS = YES;
				GCC_OPTIMIZATION_LEVEL = 0;
				GCC_PREPROCESSOR_DEFINITIONS = (
					"DEBUG=1",
					"$(inherited)",
				);
				GCC_WARN_64_TO_32_BIT_CONVERSION = YES;
				GCC_WARN_ABOUT_RETURN_TYPE = YES_ERROR;
				GCC_WARN_UNDECLARED_SELECTOR = YES;
				GCC_WARN_UNINITIALIZED_AUTOS = YES_AGGRESSIVE;
				GCC_WARN_UNUSED_FUNCTION = YES;
				GCC_WARN_UNUSED_VARIABLE = YES;
				MTL_ENABLE_DEBUG_INFO = INCLUDE_SOURCE;
				MTL_FAST_MATH = YES;
				ONLY_ACTIVE_ARCH = YES;
				SWIFT_ACTIVE_COMPILATION_CONDITIONS = DEBUG;
				SWIFT_OPTIMIZATION_LEVEL = "-Onone";
			};
			name = Debug;
		};
		717028592AB8C8860016A179 /* Release */ = {
			isa = XCBuildConfiguration;
			buildSettings = {
				ALWAYS_SEARCH_USER_PATHS = NO;
				CLANG_ANALYZER_NONNULL = YES;
				CLANG_ANALYZER_NUMBER_OBJECT_CONVERSION = YES_AGGRESSIVE;
				CLANG_CXX_LANGUAGE_STANDARD = "gnu++20";
				CLANG_ENABLE_MODULES = YES;
				CLANG_ENABLE_OBJC_ARC = YES;
				CLANG_ENABLE_OBJC_WEAK = YES;
				CLANG_WARN_BLOCK_CAPTURE_AUTORELEASING = YES;
				CLANG_WARN_BOOL_CONVERSION = YES;
				CLANG_WARN_COMMA = YES;
				CLANG_WARN_CONSTANT_CONVERSION = YES;
				CLANG_WARN_DEPRECATED_OBJC_IMPLEMENTATIONS = YES;
				CLANG_WARN_DIRECT_OBJC_ISA_USAGE = YES_ERROR;
				CLANG_WARN_DOCUMENTATION_COMMENTS = YES;
				CLANG_WARN_EMPTY_BODY = YES;
				CLANG_WARN_ENUM_CONVERSION = YES;
				CLANG_WARN_INFINITE_RECURSION = YES;
				CLANG_WARN_INT_CONVERSION = YES;
				CLANG_WARN_NON_LITERAL_NULL_CONVERSION = YES;
				CLANG_WARN_OBJC_IMPLICIT_RETAIN_SELF = YES;
				CLANG_WARN_OBJC_LITERAL_CONVERSION = YES;
				CLANG_WARN_OBJC_ROOT_CLASS = YES_ERROR;
				CLANG_WARN_QUOTED_INCLUDE_IN_FRAMEWORK_HEADER = YES;
				CLANG_WARN_RANGE_LOOP_ANALYSIS = YES;
				CLANG_WARN_STRICT_PROTOTYPES = YES;
				CLANG_WARN_SUSPICIOUS_MOVE = YES;
				CLANG_WARN_UNGUARDED_AVAILABILITY = YES_AGGRESSIVE;
				CLANG_WARN_UNREACHABLE_CODE = YES;
				CLANG_WARN__DUPLICATE_METHOD_MATCH = YES;
				COPY_PHASE_STRIP = NO;
				DEBUG_INFORMATION_FORMAT = "dwarf-with-dsym";
				ENABLE_NS_ASSERTIONS = NO;
				ENABLE_STRICT_OBJC_MSGSEND = YES;
				GCC_C_LANGUAGE_STANDARD = gnu11;
				GCC_NO_COMMON_BLOCKS = YES;
				GCC_WARN_64_TO_32_BIT_CONVERSION = YES;
				GCC_WARN_ABOUT_RETURN_TYPE = YES_ERROR;
				GCC_WARN_UNDECLARED_SELECTOR = YES;
				GCC_WARN_UNINITIALIZED_AUTOS = YES_AGGRESSIVE;
				GCC_WARN_UNUSED_FUNCTION = YES;
				GCC_WARN_UNUSED_VARIABLE = YES;
				MTL_ENABLE_DEBUG_INFO = NO;
				MTL_FAST_MATH = YES;
				SWIFT_COMPILATION_MODE = wholemodule;
				SWIFT_OPTIMIZATION_LEVEL = "-O";
			};
			name = Release;
		};
		7170285B2AB8C8860016A179 /* Debug */ = {
			isa = XCBuildConfiguration;
			buildSettings = {
				ASSETCATALOG_COMPILER_APPICON_NAME = AppIcon;
				ASSETCATALOG_COMPILER_GLOBAL_ACCENT_COLOR_NAME = AccentColor;
				CODE_SIGN_ENTITLEMENTS = "lecture demo/lecture_demo.entitlements";
				CODE_SIGN_STYLE = Automatic;
				CURRENT_PROJECT_VERSION = 1;
				DEVELOPMENT_ASSET_PATHS = "\"lecture demo/Preview Content\"";
				DEVELOPMENT_TEAM = WGZ9AP6R9G;
				ENABLE_HARDENED_RUNTIME = YES;
				ENABLE_PREVIEWS = YES;
				GENERATE_INFOPLIST_FILE = YES;
				"INFOPLIST_KEY_UIApplicationSceneManifest_Generation[sdk=iphoneos*]" = YES;
				"INFOPLIST_KEY_UIApplicationSceneManifest_Generation[sdk=iphonesimulator*]" = YES;
				"INFOPLIST_KEY_UIApplicationSupportsIndirectInputEvents[sdk=iphoneos*]" = YES;
				"INFOPLIST_KEY_UIApplicationSupportsIndirectInputEvents[sdk=iphonesimulator*]" = YES;
				"INFOPLIST_KEY_UILaunchScreen_Generation[sdk=iphoneos*]" = YES;
				"INFOPLIST_KEY_UILaunchScreen_Generation[sdk=iphonesimulator*]" = YES;
				"INFOPLIST_KEY_UIStatusBarStyle[sdk=iphoneos*]" = UIStatusBarStyleDefault;
				"INFOPLIST_KEY_UIStatusBarStyle[sdk=iphonesimulator*]" = UIStatusBarStyleDefault;
				INFOPLIST_KEY_UISupportedInterfaceOrientations_iPad = "UIInterfaceOrientationPortrait UIInterfaceOrientationPortraitUpsideDown UIInterfaceOrientationLandscapeLeft UIInterfaceOrientationLandscapeRight";
				INFOPLIST_KEY_UISupportedInterfaceOrientations_iPhone = "UIInterfaceOrientationPortrait UIInterfaceOrientationLandscapeLeft UIInterfaceOrientationLandscapeRight";
				IPHONEOS_DEPLOYMENT_TARGET = 16.4;
				LD_RUNPATH_SEARCH_PATHS = "@executable_path/Frameworks";
				"LD_RUNPATH_SEARCH_PATHS[sdk=macosx*]" = "@executable_path/../Frameworks";
				MACOSX_DEPLOYMENT_TARGET = 13.3;
				MARKETING_VERSION = 1.0;
				PRODUCT_BUNDLE_IDENTIFIER = "com.LucasOmori.lecture-demo";
				PRODUCT_NAME = "$(TARGET_NAME)";
				SDKROOT = auto;
				SUPPORTED_PLATFORMS = "iphoneos iphonesimulator macosx";
				SWIFT_EMIT_LOC_STRINGS = YES;
				SWIFT_VERSION = 5.0;
				TARGETED_DEVICE_FAMILY = "1,2";
			};
			name = Debug;
		};
		7170285C2AB8C8860016A179 /* Release */ = {
			isa = XCBuildConfiguration;
			buildSettings = {
				ASSETCATALOG_COMPILER_APPICON_NAME = AppIcon;
				ASSETCATALOG_COMPILER_GLOBAL_ACCENT_COLOR_NAME = AccentColor;
				CODE_SIGN_ENTITLEMENTS = "lecture demo/lecture_demo.entitlements";
				CODE_SIGN_STYLE = Automatic;
				CURRENT_PROJECT_VERSION = 1;
				DEVELOPMENT_ASSET_PATHS = "\"lecture demo/Preview Content\"";
				DEVELOPMENT_TEAM = WGZ9AP6R9G;
				ENABLE_HARDENED_RUNTIME = YES;
				ENABLE_PREVIEWS = YES;
				GENERATE_INFOPLIST_FILE = YES;
				"INFOPLIST_KEY_UIApplicationSceneManifest_Generation[sdk=iphoneos*]" = YES;
				"INFOPLIST_KEY_UIApplicationSceneManifest_Generation[sdk=iphonesimulator*]" = YES;
				"INFOPLIST_KEY_UIApplicationSupportsIndirectInputEvents[sdk=iphoneos*]" = YES;
				"INFOPLIST_KEY_UIApplicationSupportsIndirectInputEvents[sdk=iphonesimulator*]" = YES;
				"INFOPLIST_KEY_UILaunchScreen_Generation[sdk=iphoneos*]" = YES;
				"INFOPLIST_KEY_UILaunchScreen_Generation[sdk=iphonesimulator*]" = YES;
				"INFOPLIST_KEY_UIStatusBarStyle[sdk=iphoneos*]" = UIStatusBarStyleDefault;
				"INFOPLIST_KEY_UIStatusBarStyle[sdk=iphonesimulator*]" = UIStatusBarStyleDefault;
				INFOPLIST_KEY_UISupportedInterfaceOrientations_iPad = "UIInterfaceOrientationPortrait UIInterfaceOrientationPortraitUpsideDown UIInterfaceOrientationLandscapeLeft UIInterfaceOrientationLandscapeRight";
				INFOPLIST_KEY_UISupportedInterfaceOrientations_iPhone = "UIInterfaceOrientationPortrait UIInterfaceOrientationLandscapeLeft UIInterfaceOrientationLandscapeRight";
				IPHONEOS_DEPLOYMENT_TARGET = 16.4;
				LD_RUNPATH_SEARCH_PATHS = "@executable_path/Frameworks";
				"LD_RUNPATH_SEARCH_PATHS[sdk=macosx*]" = "@executable_path/../Frameworks";
				MACOSX_DEPLOYMENT_TARGET = 13.3;
				MARKETING_VERSION = 1.0;
				PRODUCT_BUNDLE_IDENTIFIER = "com.LucasOmori.lecture-demo";
				PRODUCT_NAME = "$(TARGET_NAME)";
				SDKROOT = auto;
				SUPPORTED_PLATFORMS = "iphoneos iphonesimulator macosx";
				SWIFT_EMIT_LOC_STRINGS = YES;
				SWIFT_VERSION = 5.0;
				TARGETED_DEVICE_FAMILY = "1,2";
			};
			name = Release;
		};
		7170285E2AB8C8860016A179 /* Debug */ = {
			isa = XCBuildConfiguration;
			buildSettings = {
				ALWAYS_EMBED_SWIFT_STANDARD_LIBRARIES = YES;
				BUNDLE_LOADER = "$(TEST_HOST)";
				CODE_SIGN_STYLE = Automatic;
				CURRENT_PROJECT_VERSION = 1;
				DEVELOPMENT_TEAM = WGZ9AP6R9G;
				GENERATE_INFOPLIST_FILE = YES;
				IPHONEOS_DEPLOYMENT_TARGET = 16.4;
				MACOSX_DEPLOYMENT_TARGET = 13.3;
				MARKETING_VERSION = 1.0;
				PRODUCT_BUNDLE_IDENTIFIER = "com.LucasOmori.lecture-demoTests";
				PRODUCT_NAME = "$(TARGET_NAME)";
				SDKROOT = auto;
				SUPPORTED_PLATFORMS = "iphoneos iphonesimulator macosx";
				SWIFT_EMIT_LOC_STRINGS = NO;
				SWIFT_VERSION = 5.0;
				TARGETED_DEVICE_FAMILY = "1,2";
				TEST_HOST = "$(BUILT_PRODUCTS_DIR)/lecture demo.app/$(BUNDLE_EXECUTABLE_FOLDER_PATH)/lecture demo";
			};
			name = Debug;
		};
		7170285F2AB8C8860016A179 /* Release */ = {
			isa = XCBuildConfiguration;
			buildSettings = {
				ALWAYS_EMBED_SWIFT_STANDARD_LIBRARIES = YES;
				BUNDLE_LOADER = "$(TEST_HOST)";
				CODE_SIGN_STYLE = Automatic;
				CURRENT_PROJECT_VERSION = 1;
				DEVELOPMENT_TEAM = WGZ9AP6R9G;
				GENERATE_INFOPLIST_FILE = YES;
				IPHONEOS_DEPLOYMENT_TARGET = 16.4;
				MACOSX_DEPLOYMENT_TARGET = 13.3;
				MARKETING_VERSION = 1.0;
				PRODUCT_BUNDLE_IDENTIFIER = "com.LucasOmori.lecture-demoTests";
				PRODUCT_NAME = "$(TARGET_NAME)";
				SDKROOT = auto;
				SUPPORTED_PLATFORMS = "iphoneos iphonesimulator macosx";
				SWIFT_EMIT_LOC_STRINGS = NO;
				SWIFT_VERSION = 5.0;
				TARGETED_DEVICE_FAMILY = "1,2";
				TEST_HOST = "$(BUILT_PRODUCTS_DIR)/lecture demo.app/$(BUNDLE_EXECUTABLE_FOLDER_PATH)/lecture demo";
			};
			name = Release;
		};
		717028612AB8C8860016A179 /* Debug */ = {
			isa = XCBuildConfiguration;
			buildSettings = {
				ALWAYS_EMBED_SWIFT_STANDARD_LIBRARIES = YES;
				CODE_SIGN_STYLE = Automatic;
				CURRENT_PROJECT_VERSION = 1;
				DEVELOPMENT_TEAM = WGZ9AP6R9G;
				GENERATE_INFOPLIST_FILE = YES;
				IPHONEOS_DEPLOYMENT_TARGET = 16.4;
				MACOSX_DEPLOYMENT_TARGET = 13.3;
				MARKETING_VERSION = 1.0;
				PRODUCT_BUNDLE_IDENTIFIER = "com.LucasOmori.lecture-demoUITests";
				PRODUCT_NAME = "$(TARGET_NAME)";
				SDKROOT = auto;
				SUPPORTED_PLATFORMS = "iphoneos iphonesimulator macosx";
				SWIFT_EMIT_LOC_STRINGS = NO;
				SWIFT_VERSION = 5.0;
				TARGETED_DEVICE_FAMILY = "1,2";
				TEST_TARGET_NAME = "lecture demo";
			};
			name = Debug;
		};
		717028622AB8C8860016A179 /* Release */ = {
			isa = XCBuildConfiguration;
			buildSettings = {
				ALWAYS_EMBED_SWIFT_STANDARD_LIBRARIES = YES;
				CODE_SIGN_STYLE = Automatic;
				CURRENT_PROJECT_VERSION = 1;
				DEVELOPMENT_TEAM = WGZ9AP6R9G;
				GENERATE_INFOPLIST_FILE = YES;
				IPHONEOS_DEPLOYMENT_TARGET = 16.4;
				MACOSX_DEPLOYMENT_TARGET = 13.3;
				MARKETING_VERSION = 1.0;
				PRODUCT_BUNDLE_IDENTIFIER = "com.LucasOmori.lecture-demoUITests";
				PRODUCT_NAME = "$(TARGET_NAME)";
				SDKROOT = auto;
				SUPPORTED_PLATFORMS = "iphoneos iphonesimulator macosx";
				SWIFT_EMIT_LOC_STRINGS = NO;
				SWIFT_VERSION = 5.0;
				TARGETED_DEVICE_FAMILY = "1,2";
				TEST_TARGET_NAME = "lecture demo";
			};
			name = Release;
		};
/* End XCBuildConfiguration section */

/* Begin XCConfigurationList section */
		717028302AB8C8840016A179 /* Build configuration list for PBXProject "lecture demo" */ = {
			isa = XCConfigurationList;
			buildConfigurations = (
				717028582AB8C8860016A179 /* Debug */,
				717028592AB8C8860016A179 /* Release */,
			);
			defaultConfigurationIsVisible = 0;
			defaultConfigurationName = Release;
		};
		7170285A2AB8C8860016A179 /* Build configuration list for PBXNativeTarget "lecture demo" */ = {
			isa = XCConfigurationList;
			buildConfigurations = (
				7170285B2AB8C8860016A179 /* Debug */,
				7170285C2AB8C8860016A179 /* Release */,
			);
			defaultConfigurationIsVisible = 0;
			defaultConfigurationName = Release;
		};
		7170285D2AB8C8860016A179 /* Build configuration list for PBXNativeTarget "lecture demoTests" */ = {
			isa = XCConfigurationList;
			buildConfigurations = (
				7170285E2AB8C8860016A179 /* Debug */,
				7170285F2AB8C8860016A179 /* Release */,
			);
			defaultConfigurationIsVisible = 0;
			defaultConfigurationName = Release;
		};
		717028602AB8C8860016A179 /* Build configuration list for PBXNativeTarget "lecture demoUITests" */ = {
			isa = XCConfigurationList;
			buildConfigurations = (
				717028612AB8C8860016A179 /* Debug */,
				717028622AB8C8860016A179 /* Release */,
			);
			defaultConfigurationIsVisible = 0;
			defaultConfigurationName = Release;
		};
/* End XCConfigurationList section */
	};
	rootObject = 7170282D2AB8C8840016A179 /* Project object */;
}
